{
  "name": "MeleeCombat",
  "lockfileVersion": 2,
  "requires": true,
  "packages": {
    "": {
      "dependencies": {
        "@quenty/loader": "^4.1.0"
      }
    },
    "node_modules/@quenty/loader": {
      "version": "4.1.0",
      "resolved": "https://registry.npmjs.org/@quenty/loader/-/loader-4.1.0.tgz",
      "integrity": "sha512-LQ1fHidXhDAq5LqyafsSLvW2wlH7/5Aihq8lOpFnitqXQaEihP4Bckr3Pd+5MEO86NXE9ogT0pRICpE5GiUWsg==",
      "funding": {
        "type": "patreon",
        "url": "https://www.patreon.com/quenty"
      }
    }
  },
  "dependencies": {
    "@quenty/loader": {
      "version": "4.1.0",
      "resolved": "https://registry.npmjs.org/@quenty/loader/-/loader-4.1.0.tgz",
      "integrity": "sha512-LQ1fHidXhDAq5LqyafsSLvW2wlH7/5Aihq8lOpFnitqXQaEihP4Bckr3Pd+5MEO86NXE9ogT0pRICpE5GiUWsg=="
    }
  }
}
